
Microsoft Visual Studio Solution File, Format Version 12.00
# Visual Studio 14
VisualStudioVersion = 14.0.25420.1
MinimumVisualStudioVersion = 10.0.40219.1
Project("{8BC9CEB8-8B4A-11D0-8D11-00A0C91BC942}") = "nubscriptwin", "nubscriptwin\nubscriptwin.vcxproj", "{EF55FADA-1C21-446D-BA6F-5D974716708E}"
EndProject
Project("{8BC9CEB8-8B4A-11D0-8D11-00A0C91BC942}") = "nubscli", "nubscli\nubscli.vcxproj", "{E7951178-0FBE-4B12-BED5-3B87547F7F60}"
	ProjectSection(ProjectDependencies) = postProject
		{EF55FADA-1C21-446D-BA6F-5D974716708E} = {EF55FADA-1C21-446D-BA6F-5D974716708E}
	EndProjectSection
EndProject
Project("{8BC9CEB8-8B4A-11D0-8D11-00A0C91BC942}") = "nubscalc", "nubscalc\nubscalc.vcxproj", "{47603780-D070-42EE-B024-2CBF63AC0FC1}"
	ProjectSection(ProjectDependencies) = postProject
		{EF55FADA-1C21-446D-BA6F-5D974716708E} = {EF55FADA-1C21-446D-BA6F-5D974716708E}
	EndProjectSection
EndProject
Global
	GlobalSection(SolutionConfigurationPlatforms) = preSolution
		Debug|x64 = Debug|x64
		Debug|x86 = Debug|x86
		Release|x64 = Release|x64
		Release|x86 = Release|x86
	EndGlobalSection
	GlobalSection(ProjectConfigurationPlatforms) = postSolution
		{EF55FADA-1C21-446D-BA6F-5D974716708E}.Debug|x64.ActiveCfg = Debug|x64
		{EF55FADA-1C21-446D-BA6F-5D974716708E}.Debug|x64.Build.0 = Debug|x64
		{EF55FADA-1C21-446D-BA6F-5D974716708E}.Debug|x86.ActiveCfg = Debug|Win32
		{EF55FADA-1C21-446D-BA6F-5D974716708E}.Debug|x86.Build.0 = Debug|Win32
		{EF55FADA-1C21-446D-BA6F-5D974716708E}.Release|x64.ActiveCfg = Release|x64
		{EF55FADA-1C21-446D-BA6F-5D974716708E}.Release|x64.Build.0 = Release|x64
		{EF55FADA-1C21-446D-BA6F-5D974716708E}.Release|x86.ActiveCfg = Release|Win32
		{EF55FADA-1C21-446D-BA6F-5D974716708E}.Release|x86.Build.0 = Release|Win32
		{E7951178-0FBE-4B12-BED5-3B87547F7F60}.Debug|x64.ActiveCfg = Debug|x64
		{E7951178-0FBE-4B12-BED5-3B87547F7F60}.Debug|x64.Build.0 = Debug|x64
		{E7951178-0FBE-4B12-BED5-3B87547F7F60}.Debug|x86.ActiveCfg = Debug|Win32
		{E7951178-0FBE-4B12-BED5-3B87547F7F60}.Debug|x86.Build.0 = Debug|Win32
		{E7951178-0FBE-4B12-BED5-3B87547F7F60}.Release|x64.ActiveCfg = Release|x64
		{E7951178-0FBE-4B12-BED5-3B87547F7F60}.Release|x64.Build.0 = Release|x64
		{E7951178-0FBE-4B12-BED5-3B87547F7F60}.Release|x86.ActiveCfg = Release|Win32
		{E7951178-0FBE-4B12-BED5-3B87547F7F60}.Release|x86.Build.0 = Release|Win32
		{47603780-D070-42EE-B024-2CBF63AC0FC1}.Debug|x64.ActiveCfg = Debug|x64
		{47603780-D070-42EE-B024-2CBF63AC0FC1}.Debug|x64.Build.0 = Debug|x64
		{47603780-D070-42EE-B024-2CBF63AC0FC1}.Debug|x86.ActiveCfg = Debug|Win32
		{47603780-D070-42EE-B024-2CBF63AC0FC1}.Debug|x86.Build.0 = Debug|Win32
		{47603780-D070-42EE-B024-2CBF63AC0FC1}.Release|x64.ActiveCfg = Release|x64
		{47603780-D070-42EE-B024-2CBF63AC0FC1}.Release|x64.Build.0 = Release|x64
		{47603780-D070-42EE-B024-2CBF63AC0FC1}.Release|x86.ActiveCfg = Release|Win32
		{47603780-D070-42EE-B024-2CBF63AC0FC1}.Release|x86.Build.0 = Release|Win32
	EndGlobalSection
	GlobalSection(SolutionProperties) = preSolution
		HideSolutionNode = FALSE
	EndGlobalSection
EndGlobal
